{
  "requires": true,
  "lockfileVersion": 1,
  "dependencies": {
    "@angular/cdk": {
      "version": "6.3.1",
      "resolved": "https://registry.npmjs.org/@angular/cdk/-/cdk-6.3.1.tgz",
      "integrity": "sha512-TEf1pstDmoLk4C0H45CxpdkBLunNYRQS1pCyWf7hWOHC0M0m130CYZ+rMt4uVDLe4NxiFUk3XwHITB3AuSlCOQ==",
      "requires": {
        "tslib": "1.9.3"
      }
    },
    "@angular/material": {
      "version": "6.3.1",
      "resolved": "https://registry.npmjs.org/@angular/material/-/material-6.3.1.tgz",
      "integrity": "sha512-2M5be3Re1EqTl+i5KuS54P/s+i2AQYlv6swR8ukwXR2arwXy8ewtuwiPjUQulpuEaUkKTQ3f6WndXAgP40Ou7A==",
      "requires": {
        "tslib": "1.9.3"
      }
    },
    "tslib": {
      "version": "1.9.3",
      "resolved": "https://registry.npmjs.org/tslib/-/tslib-1.9.3.tgz",
      "integrity": "sha512-4krF8scpejhaOgqzBEcGM7yDIEfi0/8+8zDRZhNZZ2kjmHJ4hv3zCbQWxoJGz1iw5U0Jl0nma13xzHXcncMavQ=="
    }
  }
}
